PODS:
  - Flutter (1.0.0)
  - path_provider (0.0.1):
    - Flutter
  - pdf_viewer_plugin (0.0.1):
    - Flutter

DEPENDENCIES:
  - Flutter (from `.symlinks/flutter/ios`)
  - path_provider (from `.symlinks/plugins/path_provider/ios`)
  - pdf_viewer_plugin (from `.symlinks/plugins/pdf_viewer_plugin/ios`)

EXTERNAL SOURCES:
  Flutter:
    :path: ".symlinks/flutter/ios"
  path_provider:
    :path: ".symlinks/plugins/path_provider/ios"
  pdf_viewer_plugin:
    :path: ".symlinks/plugins/pdf_viewer_plugin/ios"

SPEC CHECKSUMS:
  Flutter: 58dd7d1b27887414a370fcccb9e645c08ffd7a6a
  path_provider: f96fff6166a8867510d2c25fdcc346327cc4b259
  pdf_viewer_plugin: 96ce5d974dd18dd3a5f17a3f50641d178e355434

PODFILE CHECKSUM: 1e5af4103afd21ca5ead147d7b81d06f494f51a2

COCOAPODS: 1.7.5
